
Microsoft Visual Studio Solution File, Format Version 12.00
# Visual Studio Version 16
VisualStudioVersion = 16.0.30907.101
MinimumVisualStudioVersion = 10.0.40219.1
Project("{FAE04EC0-301F-11D3-BF4B-00C04F79EFBC}") = "Eni.Demo.Console", "Eni.Demo.Console\Eni.Demo.Console.csproj", "{E77655E7-8675-40C2-97BA-96253041FFED}"
EndProject
Project("{FAE04EC0-301F-11D3-BF4B-00C04F79EFBC}") = "Eni.Demo.Module2.Console", "..\Eni.Demo.Module2.Console\Eni.Demo.Module2.Console\Eni.Demo.Module2.Console.csproj", "{9987418B-1B95-485C-9311-534D8986DD9F}"
EndProject
Project("{2150E333-8FDC-42A3-9474-1A3956D46DE8}") = "Module1", "Module1", "{C9BFCA5E-5ABA-48AC-9ADC-45378CFB7721}"
EndProject
Project("{2150E333-8FDC-42A3-9474-1A3956D46DE8}") = "Module2", "Module2", "{99C84DBC-787C-4EAD-82B4-2158B66EDB3F}"
EndProject
Project("{FAE04EC0-301F-11D3-BF4B-00C04F79EFBC}") = "Eni.Demo.Module2.Lib", "..\Eni.Demo.Module2.Lib\Eni.Demo.Module2.Lib\Eni.Demo.Module2.Lib.csproj", "{55027626-CFE3-46B4-83CB-0C17B1BBAD1F}"
EndProject
Project("{FAE04EC0-301F-11D3-BF4B-00C04F79EFBC}") = "Eni.TP.Module2.Console", "..\Eni.TP.Module2.Console\Eni.TP.Module2.Console.csproj", "{2AB9B87E-A0E6-4829-A769-E0FF8B2CE84F}"
EndProject
Project("{FAE04EC0-301F-11D3-BF4B-00C04F79EFBC}") = "Eni.TP.Module2.Lib", "..\Eni.TP.Module2.Lib\Eni.TP.Module2.Lib.csproj", "{C80BB971-F59C-4703-B4FF-6882094E5191}"
EndProject
Project("{FAE04EC0-301F-11D3-BF4B-00C04F79EFBC}") = "Eni.TP.Module3.Console", "..\Eni.TP.Module3.Console\Eni.TP.Module3.Console.csproj", "{E2389E4C-D5F7-4AAC-9D7F-322D3128557E}"
EndProject
Project("{FAE04EC0-301F-11D3-BF4B-00C04F79EFBC}") = "Eni.TP.Module3.Lib", "..\Eni.TP.Module3.Lib\Eni.TP.Module3.Lib.csproj", "{845B6AA9-6C62-4C06-A7BD-3A628CCC0247}"
EndProject
Project("{2150E333-8FDC-42A3-9474-1A3956D46DE8}") = "Module3", "Module3", "{64EDCAA0-8562-4D73-B496-A62701DB510F}"
EndProject
Global
	GlobalSection(SolutionConfigurationPlatforms) = preSolution
		Debug|Any CPU = Debug|Any CPU
		Release|Any CPU = Release|Any CPU
	EndGlobalSection
	GlobalSection(ProjectConfigurationPlatforms) = postSolution
		{E77655E7-8675-40C2-97BA-96253041FFED}.Debug|Any CPU.ActiveCfg = Debug|Any CPU
		{E77655E7-8675-40C2-97BA-96253041FFED}.Debug|Any CPU.Build.0 = Debug|Any CPU
		{E77655E7-8675-40C2-97BA-96253041FFED}.Release|Any CPU.ActiveCfg = Release|Any CPU
		{E77655E7-8675-40C2-97BA-96253041FFED}.Release|Any CPU.Build.0 = Release|Any CPU
		{9987418B-1B95-485C-9311-534D8986DD9F}.Debug|Any CPU.ActiveCfg = Debug|Any CPU
		{9987418B-1B95-485C-9311-534D8986DD9F}.Debug|Any CPU.Build.0 = Debug|Any CPU
		{9987418B-1B95-485C-9311-534D8986DD9F}.Release|Any CPU.ActiveCfg = Release|Any CPU
		{9987418B-1B95-485C-9311-534D8986DD9F}.Release|Any CPU.Build.0 = Release|Any CPU
		{55027626-CFE3-46B4-83CB-0C17B1BBAD1F}.Debug|Any CPU.ActiveCfg = Debug|Any CPU
		{55027626-CFE3-46B4-83CB-0C17B1BBAD1F}.Debug|Any CPU.Build.0 = Debug|Any CPU
		{55027626-CFE3-46B4-83CB-0C17B1BBAD1F}.Release|Any CPU.ActiveCfg = Release|Any CPU
		{55027626-CFE3-46B4-83CB-0C17B1BBAD1F}.Release|Any CPU.Build.0 = Release|Any CPU
		{2AB9B87E-A0E6-4829-A769-E0FF8B2CE84F}.Debug|Any CPU.ActiveCfg = Debug|Any CPU
		{2AB9B87E-A0E6-4829-A769-E0FF8B2CE84F}.Debug|Any CPU.Build.0 = Debug|Any CPU
		{2AB9B87E-A0E6-4829-A769-E0FF8B2CE84F}.Release|Any CPU.ActiveCfg = Release|Any CPU
		{2AB9B87E-A0E6-4829-A769-E0FF8B2CE84F}.Release|Any CPU.Build.0 = Release|Any CPU
		{C80BB971-F59C-4703-B4FF-6882094E5191}.Debug|Any CPU.ActiveCfg = Debug|Any CPU
		{C80BB971-F59C-4703-B4FF-6882094E5191}.Debug|Any CPU.Build.0 = Debug|Any CPU
		{C80BB971-F59C-4703-B4FF-6882094E5191}.Release|Any CPU.ActiveCfg = Release|Any CPU
		{C80BB971-F59C-4703-B4FF-6882094E5191}.Release|Any CPU.Build.0 = Release|Any CPU
		{E2389E4C-D5F7-4AAC-9D7F-322D3128557E}.Debug|Any CPU.ActiveCfg = Debug|Any CPU
		{E2389E4C-D5F7-4AAC-9D7F-322D3128557E}.Debug|Any CPU.Build.0 = Debug|Any CPU
		{E2389E4C-D5F7-4AAC-9D7F-322D3128557E}.Release|Any CPU.ActiveCfg = Release|Any CPU
		{E2389E4C-D5F7-4AAC-9D7F-322D3128557E}.Release|Any CPU.Build.0 = Release|Any CPU
		{845B6AA9-6C62-4C06-A7BD-3A628CCC0247}.Debug|Any CPU.ActiveCfg = Debug|Any CPU
		{845B6AA9-6C62-4C06-A7BD-3A628CCC0247}.Debug|Any CPU.Build.0 = Debug|Any CPU
		{845B6AA9-6C62-4C06-A7BD-3A628CCC0247}.Release|Any CPU.ActiveCfg = Release|Any CPU
		{845B6AA9-6C62-4C06-A7BD-3A628CCC0247}.Release|Any CPU.Build.0 = Release|Any CPU
	EndGlobalSection
	GlobalSection(SolutionProperties) = preSolution
		HideSolutionNode = FALSE
	EndGlobalSection
	GlobalSection(NestedProjects) = preSolution
		{E77655E7-8675-40C2-97BA-96253041FFED} = {C9BFCA5E-5ABA-48AC-9ADC-45378CFB7721}
		{9987418B-1B95-485C-9311-534D8986DD9F} = {99C84DBC-787C-4EAD-82B4-2158B66EDB3F}
		{55027626-CFE3-46B4-83CB-0C17B1BBAD1F} = {99C84DBC-787C-4EAD-82B4-2158B66EDB3F}
		{2AB9B87E-A0E6-4829-A769-E0FF8B2CE84F} = {99C84DBC-787C-4EAD-82B4-2158B66EDB3F}
		{C80BB971-F59C-4703-B4FF-6882094E5191} = {99C84DBC-787C-4EAD-82B4-2158B66EDB3F}
		{E2389E4C-D5F7-4AAC-9D7F-322D3128557E} = {64EDCAA0-8562-4D73-B496-A62701DB510F}
		{845B6AA9-6C62-4C06-A7BD-3A628CCC0247} = {64EDCAA0-8562-4D73-B496-A62701DB510F}
	EndGlobalSection
	GlobalSection(ExtensibilityGlobals) = postSolution
		SolutionGuid = {BF291A75-7EF9-4469-8523-F75E8F0AA321}
	EndGlobalSection
EndGlobal
